// !$*UTF8*$!
{
	archiveVersion = 1;
	classes = {
	};
	objectVersion = 46;
	objects = {

/* Begin PBXBuildFile section */
		F39DFC199EA828810752DFD4 /* libPods-WeddingGram.a in Frameworks */ = {isa = PBXBuildFile; fileRef = F7FA4520E1C25A37A6BB9FC8 /* libPods-WeddingGram.a */; };
		F40E928D1AEEA48E00439F43 /* main.m in Sources */ = {isa = PBXBuildFile; fileRef = F40E928C1AEEA48E00439F43 /* main.m */; };
		F40E92901AEEA48E00439F43 /* AppDelegate.m in Sources */ = {isa = PBXBuildFile; fileRef = F40E928F1AEEA48E00439F43 /* AppDelegate.m */; };
		F40E92931AEEA48E00439F43 /* ViewController.m in Sources */ = {isa = PBXBuildFile; fileRef = F40E92921AEEA48E00439F43 /* ViewController.m */; };
		F40E92961AEEA48E00439F43 /* Main.storyboard in Resources */ = {isa = PBXBuildFile; fileRef = F40E92941AEEA48E00439F43 /* Main.storyboard */; };
		F40E92981AEEA48E00439F43 /* Images.xcassets in Resources */ = {isa = PBXBuildFile; fileRef = F40E92971AEEA48E00439F43 /* Images.xcassets */; };
		F40E929B1AEEA48E00439F43 /* LaunchScreen.xib in Resources */ = {isa = PBXBuildFile; fileRef = F40E92991AEEA48E00439F43 /* LaunchScreen.xib */; };
		F40E92A71AEEA48E00439F43 /* WeddingGramTests.m in Sources */ = {isa = PBXBuildFile; fileRef = F40E92A61AEEA48E00439F43 /* WeddingGramTests.m */; };
		F40E92B71AEEA52C00439F43 /* ViewFlower.m in Sources */ = {isa = PBXBuildFile; fileRef = F40E92B61AEEA52C00439F43 /* ViewFlower.m */; };
		F40E92BA1AEEA65B00439F43 /* rose.png in Resources */ = {isa = PBXBuildFile; fileRef = F40E92B91AEEA65B00439F43 /* rose.png */; };
		F40E92BE1AEEA93A00439F43 /* EntryView.m in Sources */ = {isa = PBXBuildFile; fileRef = F40E92BD1AEEA93A00439F43 /* EntryView.m */; };
		F40E92C41AEEAA1700439F43 /* EntryViewController.m in Sources */ = {isa = PBXBuildFile; fileRef = F40E92C31AEEAA1700439F43 /* EntryViewController.m */; };
		F40E92C71AEEAB2C00439F43 /* ViewCamera.m in Sources */ = {isa = PBXBuildFile; fileRef = F40E92C61AEEAB2C00439F43 /* ViewCamera.m */; };
		F40E92CA1AEEAB5700439F43 /* ViewVideo.m in Sources */ = {isa = PBXBuildFile; fileRef = F40E92C91AEEAB5700439F43 /* ViewVideo.m */; };
		F40E92CD1AEEAB7E00439F43 /* ViewText.m in Sources */ = {isa = PBXBuildFile; fileRef = F40E92CC1AEEAB7E00439F43 /* ViewText.m */; };
		F40E92D31AEEAF1E00439F43 /* ViewEye.m in Sources */ = {isa = PBXBuildFile; fileRef = F40E92D21AEEAF1E00439F43 /* ViewEye.m */; };
		F40E92D81AEEC16900439F43 /* InputTextViewController.m in Sources */ = {isa = PBXBuildFile; fileRef = F40E92D71AEEC16900439F43 /* InputTextViewController.m */; };
		F44BD8101AFD4D69007E55CB /* Images-2.xcassets in Resources */ = {isa = PBXBuildFile; fileRef = F44BD80F1AFD4D69007E55CB /* Images-2.xcassets */; };
		F44BD8161AFD6898007E55CB /* ViewLogo.m in Sources */ = {isa = PBXBuildFile; fileRef = F44BD8151AFD6898007E55CB /* ViewLogo.m */; };
		F44BD8201AFD6B10007E55CB /* StyleKit.m in Sources */ = {isa = PBXBuildFile; fileRef = F44BD81F1AFD6B10007E55CB /* StyleKit.m */; };
		F44BD8221AFD6DA1007E55CB /* logo.png in Resources */ = {isa = PBXBuildFile; fileRef = F44BD8211AFD6DA1007E55CB /* logo.png */; };
		F46B48F21AFD746200F83EEF /* icon-60@2x.png in Resources */ = {isa = PBXBuildFile; fileRef = F46B48EB1AFD746200F83EEF /* icon-60@2x.png */; };
		F46B48F31AFD746200F83EEF /* icon-60@3x.png in Resources */ = {isa = PBXBuildFile; fileRef = F46B48EC1AFD746200F83EEF /* icon-60@3x.png */; };
		F46B48F41AFD746200F83EEF /* icon-Small-40@2x.png in Resources */ = {isa = PBXBuildFile; fileRef = F46B48ED1AFD746200F83EEF /* icon-Small-40@2x.png */; };
		F46B48F51AFD746200F83EEF /* icon-Small-40@3x.png in Resources */ = {isa = PBXBuildFile; fileRef = F46B48EE1AFD746200F83EEF /* icon-Small-40@3x.png */; };
		F46B48F61AFD746200F83EEF /* icon-Small.png in Resources */ = {isa = PBXBuildFile; fileRef = F46B48EF1AFD746200F83EEF /* icon-Small.png */; };
		F46B48F71AFD746200F83EEF /* icon-Small@2x.png in Resources */ = {isa = PBXBuildFile; fileRef = F46B48F01AFD746200F83EEF /* icon-Small@2x.png */; };
		F46B48F81AFD746200F83EEF /* icon-Small@3x.png in Resources */ = {isa = PBXBuildFile; fileRef = F46B48F11AFD746200F83EEF /* icon-Small@3x.png */; };
		F46B48FA1AFD755900F83EEF /* NoMessageView.xib in Resources */ = {isa = PBXBuildFile; fileRef = F46B48F91AFD755900F83EEF /* NoMessageView.xib */; };
		F4C6DFB71AEECC40001F34C3 /* ParseSync.m in Sources */ = {isa = PBXBuildFile; fileRef = F4C6DFB61AEECC40001F34C3 /* ParseSync.m */; };
		F4C6DFBE1AEEEABF001F34C3 /* Constants.m in Sources */ = {isa = PBXBuildFile; fileRef = F4C6DFBD1AEEEABF001F34C3 /* Constants.m */; };
		F4C6DFC21AEEF88E001F34C3 /* ViewMessagesViewController.m in Sources */ = {isa = PBXBuildFile; fileRef = F4C6DFC11AEEF88E001F34C3 /* ViewMessagesViewController.m */; };
		F4C6DFC51AF0206A001F34C3 /* VideoTableViewCell.m in Sources */ = {isa = PBXBuildFile; fileRef = F4C6DFC41AF0206A001F34C3 /* VideoTableViewCell.m */; };
		F4C6DFCB1AF05E80001F34C3 /* ViewHome.m in Sources */ = {isa = PBXBuildFile; fileRef = F4C6DFCA1AF05E80001F34C3 /* ViewHome.m */; };
		F4C6DFD41AF064B5001F34C3 /* ViewLittleVideoIcon.m in Sources */ = {isa = PBXBuildFile; fileRef = F4C6DFD31AF064B5001F34C3 /* ViewLittleVideoIcon.m */; };
		F4C6DFD71AF0BB7D001F34C3 /* UIView+DEScrollOnShowKeyboard.m in Sources */ = {isa = PBXBuildFile; fileRef = F4C6DFD61AF0BB7D001F34C3 /* UIView+DEScrollOnShowKeyboard.m */; };
/* End PBXBuildFile section */

/* Begin PBXContainerItemProxy section */
		F40E92A11AEEA48E00439F43 /* PBXContainerItemProxy */ = {
			isa = PBXContainerItemProxy;
			containerPortal = F40E927F1AEEA48E00439F43 /* Project object */;
			proxyType = 1;
			remoteGlobalIDString = F40E92861AEEA48E00439F43;
			remoteInfo = WeddingGram;
		};
/* End PBXContainerItemProxy section */

/* Begin PBXFileReference section */
		05C82BB1F74F0BFAA242E0BB /* Pods-WeddingGram.release.xcconfig */ = {isa = PBXFileReference; includeInIndex = 1; lastKnownFileType = text.xcconfig; name = "Pods-WeddingGram.release.xcconfig"; path = "Pods/Target Support Files/Pods-WeddingGram/Pods-WeddingGram.release.xcconfig"; sourceTree = "<group>"; };
		A2192F9DF38AB9D7C60F25F0 /* Pods-WeddingGram.debug.xcconfig */ = {isa = PBXFileReference; includeInIndex = 1; lastKnownFileType = text.xcconfig; name = "Pods-WeddingGram.debug.xcconfig"; path = "Pods/Target Support Files/Pods-WeddingGram/Pods-WeddingGram.debug.xcconfig"; sourceTree = "<group>"; };
		F40E92871AEEA48E00439F43 /* WeddingGram.app */ = {isa = PBXFileReference; explicitFileType = wrapper.application; includeInIndex = 0; path = WeddingGram.app; sourceTree = BUILT_PRODUCTS_DIR; };
		F40E928B1AEEA48E00439F43 /* Info.plist */ = {isa = PBXFileReference; lastKnownFileType = text.plist.xml; path = Info.plist; sourceTree = "<group>"; };
		F40E928C1AEEA48E00439F43 /* main.m */ = {isa = PBXFileReference; lastKnownFileType = sourcecode.c.objc; path = main.m; sourceTree = "<group>"; };
		F40E928E1AEEA48E00439F43 /* AppDelegate.h */ = {isa = PBXFileReference; lastKnownFileType = sourcecode.c.h; path = AppDelegate.h; sourceTree = "<group>"; };
		F40E928F1AEEA48E00439F43 /* AppDelegate.m */ = {isa = PBXFileReference; lastKnownFileType = sourcecode.c.objc; path = AppDelegate.m; sourceTree = "<group>"; };
		F40E92911AEEA48E00439F43 /* ViewController.h */ = {isa = PBXFileReference; lastKnownFileType = sourcecode.c.h; path = ViewController.h; sourceTree = "<group>"; };
		F40E92921AEEA48E00439F43 /* ViewController.m */ = {isa = PBXFileReference; lastKnownFileType = sourcecode.c.objc; path = ViewController.m; sourceTree = "<group>"; };
		F40E92951AEEA48E00439F43 /* Base */ = {isa = PBXFileReference; lastKnownFileType = file.storyboard; name = Base; path = Base.lproj/Main.storyboard; sourceTree = "<group>"; };
		F40E92971AEEA48E00439F43 /* Images.xcassets */ = {isa = PBXFileReference; lastKnownFileType = folder.assetcatalog; path = Images.xcassets; sourceTree = "<group>"; };
		F40E929A1AEEA48E00439F43 /* Base */ = {isa = PBXFileReference; lastKnownFileType = file.xib; name = Base; path = Base.lproj/LaunchScreen.xib; sourceTree = "<group>"; };
		F40E92A01AEEA48E00439F43 /* WeddingGramTests.xctest */ = {isa = PBXFileReference; explicitFileType = wrapper.cfbundle; includeInIndex = 0; path = WeddingGramTests.xctest; sourceTree = BUILT_PRODUCTS_DIR; };
		F40E92A51AEEA48E00439F43 /* Info.plist */ = {isa = PBXFileReference; lastKnownFileType = text.plist.xml; path = Info.plist; sourceTree = "<group>"; };
		F40E92A61AEEA48E00439F43 /* WeddingGramTests.m */ = {isa = PBXFileReference; lastKnownFileType = sourcecode.c.objc; path = WeddingGramTests.m; sourceTree = "<group>"; };
		F40E92B51AEEA52C00439F43 /* ViewFlower.h */ = {isa = PBXFileReference; fileEncoding = 4; lastKnownFileType = sourcecode.c.h; path = ViewFlower.h; sourceTree = "<group>"; };
		F40E92B61AEEA52C00439F43 /* ViewFlower.m */ = {isa = PBXFileReference; fileEncoding = 4; lastKnownFileType = sourcecode.c.objc; path = ViewFlower.m; sourceTree = "<group>"; };
		F40E92B91AEEA65B00439F43 /* rose.png */ = {isa = PBXFileReference; lastKnownFileType = image.png; path = rose.png; sourceTree = "<group>"; };
		F40E92BC1AEEA93A00439F43 /* EntryView.h */ = {isa = PBXFileReference; fileEncoding = 4; lastKnownFileType = sourcecode.c.h; path = EntryView.h; sourceTree = "<group>"; };
		F40E92BD1AEEA93A00439F43 /* EntryView.m */ = {isa = PBXFileReference; fileEncoding = 4; lastKnownFileType = sourcecode.c.objc; path = EntryView.m; sourceTree = "<group>"; };
		F40E92C21AEEAA1700439F43 /* EntryViewController.h */ = {isa = PBXFileReference; fileEncoding = 4; lastKnownFileType = sourcecode.c.h; path = EntryViewController.h; sourceTree = "<group>"; };
		F40E92C31AEEAA1700439F43 /* EntryViewController.m */ = {isa = PBXFileReference; fileEncoding = 4; lastKnownFileType = sourcecode.c.objc; path = EntryViewController.m; sourceTree = "<group>"; };
		F40E92C51AEEAB2C00439F43 /* ViewCamera.h */ = {isa = PBXFileReference; fileEncoding = 4; lastKnownFileType = sourcecode.c.h; path = ViewCamera.h; sourceTree = "<group>"; };
		F40E92C61AEEAB2C00439F43 /* ViewCamera.m */ = {isa = PBXFileReference; fileEncoding = 4; lastKnownFileType = sourcecode.c.objc; path = ViewCamera.m; sourceTree = "<group>"; };
		F40E92C81AEEAB5700439F43 /* ViewVideo.h */ = {isa = PBXFileReference; fileEncoding = 4; lastKnownFileType = sourcecode.c.h; path = ViewVideo.h; sourceTree = "<group>"; };
		F40E92C91AEEAB5700439F43 /* ViewVideo.m */ = {isa = PBXFileReference; fileEncoding = 4; lastKnownFileType = sourcecode.c.objc; path = ViewVideo.m; sourceTree = "<group>"; };
		F40E92CB1AEEAB7E00439F43 /* ViewText.h */ = {isa = PBXFileReference; fileEncoding = 4; lastKnownFileType = sourcecode.c.h; path = ViewText.h; sourceTree = "<group>"; };
		F40E92CC1AEEAB7E00439F43 /* ViewText.m */ = {isa = PBXFileReference; fileEncoding = 4; lastKnownFileType = sourcecode.c.objc; path = ViewText.m; sourceTree = "<group>"; };
		F40E92D11AEEAF1E00439F43 /* ViewEye.h */ = {isa = PBXFileReference; fileEncoding = 4; lastKnownFileType = sourcecode.c.h; path = ViewEye.h; sourceTree = "<group>"; };
		F40E92D21AEEAF1E00439F43 /* ViewEye.m */ = {isa = PBXFileReference; fileEncoding = 4; lastKnownFileType = sourcecode.c.objc; path = ViewEye.m; sourceTree = "<group>"; };
		F40E92D61AEEC16900439F43 /* InputTextViewController.h */ = {isa = PBXFileReference; fileEncoding = 4; lastKnownFileType = sourcecode.c.h; path = InputTextViewController.h; sourceTree = "<group>"; };
		F40E92D71AEEC16900439F43 /* InputTextViewController.m */ = {isa = PBXFileReference; fileEncoding = 4; lastKnownFileType = sourcecode.c.objc; path = InputTextViewController.m; sourceTree = "<group>"; };
		F44BD80F1AFD4D69007E55CB /* Images-2.xcassets */ = {isa = PBXFileReference; lastKnownFileType = folder.assetcatalog; path = "Images-2.xcassets"; sourceTree = "<group>"; };
		F44BD8141AFD6898007E55CB /* ViewLogo.h */ = {isa = PBXFileReference; fileEncoding = 4; lastKnownFileType = sourcecode.c.h; path = ViewLogo.h; sourceTree = "<group>"; };
		F44BD8151AFD6898007E55CB /* ViewLogo.m */ = {isa = PBXFileReference; fileEncoding = 4; lastKnownFileType = sourcecode.c.objc; path = ViewLogo.m; sourceTree = "<group>"; };
		F44BD81E1AFD6B10007E55CB /* StyleKit.h */ = {isa = PBXFileReference; fileEncoding = 4; lastKnownFileType = sourcecode.c.h; path = StyleKit.h; sourceTree = "<group>"; };
		F44BD81F1AFD6B10007E55CB /* StyleKit.m */ = {isa = PBXFileReference; fileEncoding = 4; lastKnownFileType = sourcecode.c.objc; path = StyleKit.m; sourceTree = "<group>"; };
		F44BD8211AFD6DA1007E55CB /* logo.png */ = {isa = PBXFileReference; lastKnownFileType = image.png; path = logo.png; sourceTree = "<group>"; };
		F46B48EB1AFD746200F83EEF /* icon-60@2x.png */ = {isa = PBXFileReference; lastKnownFileType = image.png; path = "icon-60@2x.png"; sourceTree = "<group>"; };
		F46B48EC1AFD746200F83EEF /* icon-60@3x.png */ = {isa = PBXFileReference; lastKnownFileType = image.png; path = "icon-60@3x.png"; sourceTree = "<group>"; };
		F46B48ED1AFD746200F83EEF /* icon-Small-40@2x.png */ = {isa = PBXFileReference; lastKnownFileType = image.png; path = "icon-Small-40@2x.png"; sourceTree = "<group>"; };
		F46B48EE1AFD746200F83EEF /* icon-Small-40@3x.png */ = {isa = PBXFileReference; lastKnownFileType = image.png; path = "icon-Small-40@3x.png"; sourceTree = "<group>"; };
		F46B48EF1AFD746200F83EEF /* icon-Small.png */ = {isa = PBXFileReference; lastKnownFileType = image.png; path = "icon-Small.png"; sourceTree = "<group>"; };
		F46B48F01AFD746200F83EEF /* icon-Small@2x.png */ = {isa = PBXFileReference; lastKnownFileType = image.png; path = "icon-Small@2x.png"; sourceTree = "<group>"; };
		F46B48F11AFD746200F83EEF /* icon-Small@3x.png */ = {isa = PBXFileReference; lastKnownFileType = image.png; path = "icon-Small@3x.png"; sourceTree = "<group>"; };
		F46B48F91AFD755900F83EEF /* NoMessageView.xib */ = {isa = PBXFileReference; fileEncoding = 4; lastKnownFileType = file.xib; path = NoMessageView.xib; sourceTree = "<group>"; };
		F4C6DFB51AEECC40001F34C3 /* ParseSync.h */ = {isa = PBXFileReference; fileEncoding = 4; lastKnownFileType = sourcecode.c.h; path = ParseSync.h; sourceTree = "<group>"; };
		F4C6DFB61AEECC40001F34C3 /* ParseSync.m */ = {isa = PBXFileReference; fileEncoding = 4; lastKnownFileType = sourcecode.c.objc; path = ParseSync.m; sourceTree = "<group>"; };
		F4C6DFBC1AEEEABF001F34C3 /* Constants.h */ = {isa = PBXFileReference; fileEncoding = 4; lastKnownFileType = sourcecode.c.h; path = Constants.h; sourceTree = "<group>"; };
		F4C6DFBD1AEEEABF001F34C3 /* Constants.m */ = {isa = PBXFileReference; fileEncoding = 4; lastKnownFileType = sourcecode.c.objc; path = Constants.m; sourceTree = "<group>"; };
		F4C6DFC01AEEF88E001F34C3 /* ViewMessagesViewController.h */ = {isa = PBXFileReference; fileEncoding = 4; lastKnownFileType = sourcecode.c.h; path = ViewMessagesViewController.h; sourceTree = "<group>"; };
		F4C6DFC11AEEF88E001F34C3 /* ViewMessagesViewController.m */ = {isa = PBXFileReference; fileEncoding = 4; lastKnownFileType = sourcecode.c.objc; path = ViewMessagesViewController.m; sourceTree = "<group>"; };
		F4C6DFC31AF0206A001F34C3 /* VideoTableViewCell.h */ = {isa = PBXFileReference; fileEncoding = 4; lastKnownFileType = sourcecode.c.h; path = VideoTableViewCell.h; sourceTree = "<group>"; };
		F4C6DFC41AF0206A001F34C3 /* VideoTableViewCell.m */ = {isa = PBXFileReference; fileEncoding = 4; lastKnownFileType = sourcecode.c.objc; path = VideoTableViewCell.m; sourceTree = "<group>"; };
		F4C6DFC91AF05E80001F34C3 /* ViewHome.h */ = {isa = PBXFileReference; fileEncoding = 4; lastKnownFileType = sourcecode.c.h; path = ViewHome.h; sourceTree = "<group>"; };
		F4C6DFCA1AF05E80001F34C3 /* ViewHome.m */ = {isa = PBXFileReference; fileEncoding = 4; lastKnownFileType = sourcecode.c.objc; path = ViewHome.m; sourceTree = "<group>"; };
		F4C6DFD21AF064B5001F34C3 /* ViewLittleVideoIcon.h */ = {isa = PBXFileReference; fileEncoding = 4; lastKnownFileType = sourcecode.c.h; path = ViewLittleVideoIcon.h; sourceTree = "<group>"; };
		F4C6DFD31AF064B5001F34C3 /* ViewLittleVideoIcon.m */ = {isa = PBXFileReference; fileEncoding = 4; lastKnownFileType = sourcecode.c.objc; path = ViewLittleVideoIcon.m; sourceTree = "<group>"; };
		F4C6DFD51AF0BB7D001F34C3 /* UIView+DEScrollOnShowKeyboard.h */ = {isa = PBXFileReference; fileEncoding = 4; lastKnownFileType = sourcecode.c.h; path = "UIView+DEScrollOnShowKeyboard.h"; sourceTree = "<group>"; };
		F4C6DFD61AF0BB7D001F34C3 /* UIView+DEScrollOnShowKeyboard.m */ = {isa = PBXFileReference; fileEncoding = 4; lastKnownFileType = sourcecode.c.objc; path = "UIView+DEScrollOnShowKeyboard.m"; sourceTree = "<group>"; };
		F7FA4520E1C25A37A6BB9FC8 /* libPods-WeddingGram.a */ = {isa = PBXFileReference; explicitFileType = archive.ar; includeInIndex = 0; path = "libPods-WeddingGram.a"; sourceTree = BUILT_PRODUCTS_DIR; };
/* End PBXFileReference section */

/* Begin PBXFrameworksBuildPhase section */
		F40E92841AEEA48E00439F43 /* Frameworks */ = {
			isa = PBXFrameworksBuildPhase;
			buildActionMask = 2147483647;
			files = (
				F39DFC199EA828810752DFD4 /* libPods-WeddingGram.a in Frameworks */,
			);
			runOnlyForDeploymentPostprocessing = 0;
		};
		F40E929D1AEEA48E00439F43 /* Frameworks */ = {
			isa = PBXFrameworksBuildPhase;
			buildActionMask = 2147483647;
			files = (
			);
			runOnlyForDeploymentPostprocessing = 0;
		};
/* End PBXFrameworksBuildPhase section */

/* Begin PBXGroup section */
		50A06EA65601FD0402E96CDD /* Pods */ = {
			isa = PBXGroup;
			children = (
				A2192F9DF38AB9D7C60F25F0 /* Pods-WeddingGram.debug.xcconfig */,
				05C82BB1F74F0BFAA242E0BB /* Pods-WeddingGram.release.xcconfig */,
			);
			name = Pods;
			sourceTree = "<group>";
		};
		C6AA0AE1FE7976BAB030407D /* Frameworks */ = {
			isa = PBXGroup;
			children = (
				F7FA4520E1C25A37A6BB9FC8 /* libPods-WeddingGram.a */,
			);
			name = Frameworks;
			sourceTree = "<group>";
		};
		F40E927E1AEEA48E00439F43 = {
			isa = PBXGroup;
			children = (
				F40E92891AEEA48E00439F43 /* WeddingGram */,
				F40E92A31AEEA48E00439F43 /* WeddingGramTests */,
				F40E92881AEEA48E00439F43 /* Products */,
				50A06EA65601FD0402E96CDD /* Pods */,
				C6AA0AE1FE7976BAB030407D /* Frameworks */,
			);
			sourceTree = "<group>";
		};
		F40E92881AEEA48E00439F43 /* Products */ = {
			isa = PBXGroup;
			children = (
				F40E92871AEEA48E00439F43 /* WeddingGram.app */,
				F40E92A01AEEA48E00439F43 /* WeddingGramTests.xctest */,
			);
			name = Products;
			sourceTree = "<group>";
		};
		F40E92891AEEA48E00439F43 /* WeddingGram */ = {
			isa = PBXGroup;
			children = (
				F4C6DFD51AF0BB7D001F34C3 /* UIView+DEScrollOnShowKeyboard.h */,
				F4C6DFD61AF0BB7D001F34C3 /* UIView+DEScrollOnShowKeyboard.m */,
				F4C6DFBF1AEEF880001F34C3 /* View Messages */,
				F4C6DFBC1AEEEABF001F34C3 /* Constants.h */,
				F4C6DFBD1AEEEABF001F34C3 /* Constants.m */,
				F40E92DC1AEEC88D00439F43 /* Parse Sync */,
				F40E92D51AEEC15600439F43 /* Text Page */,
				F40E92BB1AEEA92100439F43 /* Main Page */,
				F40E92B81AEEA64400439F43 /* Images */,
				F40E92B41AEEA51700439F43 /* Custom Views */,
				F40E92B01AEEA4CE00439F43 /* StyleKit */,
				F40E928E1AEEA48E00439F43 /* AppDelegate.h */,
				F40E928F1AEEA48E00439F43 /* AppDelegate.m */,
				F40E92911AEEA48E00439F43 /* ViewController.h */,
				F40E92921AEEA48E00439F43 /* ViewController.m */,
				F40E92941AEEA48E00439F43 /* Main.storyboard */,
				F46B48F91AFD755900F83EEF /* NoMessageView.xib */,
				F40E92971AEEA48E00439F43 /* Images.xcassets */,
				F40E92991AEEA48E00439F43 /* LaunchScreen.xib */,
				F44BD80F1AFD4D69007E55CB /* Images-2.xcassets */,
				F40E928A1AEEA48E00439F43 /* Supporting Files */,
			);
			path = WeddingGram;
			sourceTree = "<group>";
		};
		F40E928A1AEEA48E00439F43 /* Supporting Files */ = {
			isa = PBXGroup;
			children = (
				F40E928B1AEEA48E00439F43 /* Info.plist */,
				F40E928C1AEEA48E00439F43 /* main.m */,
			);
			name = "Supporting Files";
			sourceTree = "<group>";
		};
		F40E92A31AEEA48E00439F43 /* WeddingGramTests */ = {
			isa = PBXGroup;
			children = (
				F40E92A61AEEA48E00439F43 /* WeddingGramTests.m */,
				F40E92A41AEEA48E00439F43 /* Supporting Files */,
			);
			path = WeddingGramTests;
			sourceTree = "<group>";
		};
		F40E92A41AEEA48E00439F43 /* Supporting Files */ = {
			isa = PBXGroup;
			children = (
				F40E92A51AEEA48E00439F43 /* Info.plist */,
			);
			name = "Supporting Files";
			sourceTree = "<group>";
		};
		F40E92B01AEEA4CE00439F43 /* StyleKit */ = {
			isa = PBXGroup;
			children = (
				F44BD81E1AFD6B10007E55CB /* StyleKit.h */,
				F44BD81F1AFD6B10007E55CB /* StyleKit.m */,
			);
			name = StyleKit;
			sourceTree = "<group>";
		};
		F40E92B41AEEA51700439F43 /* Custom Views */ = {
			isa = PBXGroup;
			children = (
				F40E92B51AEEA52C00439F43 /* ViewFlower.h */,
				F40E92B61AEEA52C00439F43 /* ViewFlower.m */,
				F40E92C51AEEAB2C00439F43 /* ViewCamera.h */,
				F40E92C61AEEAB2C00439F43 /* ViewCamera.m */,
				F40E92C81AEEAB5700439F43 /* ViewVideo.h */,
				F40E92C91AEEAB5700439F43 /* ViewVideo.m */,
				F40E92CB1AEEAB7E00439F43 /* ViewText.h */,
				F40E92CC1AEEAB7E00439F43 /* ViewText.m */,
				F40E92D11AEEAF1E00439F43 /* ViewEye.h */,
				F40E92D21AEEAF1E00439F43 /* ViewEye.m */,
				F4C6DFC91AF05E80001F34C3 /* ViewHome.h */,
				F4C6DFCA1AF05E80001F34C3 /* ViewHome.m */,
				F4C6DFD21AF064B5001F34C3 /* ViewLittleVideoIcon.h */,
				F4C6DFD31AF064B5001F34C3 /* ViewLittleVideoIcon.m */,
				F44BD8141AFD6898007E55CB /* ViewLogo.h */,
				F44BD8151AFD6898007E55CB /* ViewLogo.m */,
			);
			name = "Custom Views";
			sourceTree = "<group>";
		};
		F40E92B81AEEA64400439F43 /* Images */ = {
			isa = PBXGroup;
			children = (
				F46B48EB1AFD746200F83EEF /* icon-60@2x.png */,
				F46B48EC1AFD746200F83EEF /* icon-60@3x.png */,
				F46B48ED1AFD746200F83EEF /* icon-Small-40@2x.png */,
				F46B48EE1AFD746200F83EEF /* icon-Small-40@3x.png */,
				F46B48EF1AFD746200F83EEF /* icon-Small.png */,
				F46B48F01AFD746200F83EEF /* icon-Small@2x.png */,
				F46B48F11AFD746200F83EEF /* icon-Small@3x.png */,
				F44BD8211AFD6DA1007E55CB /* logo.png */,
				F40E92B91AEEA65B00439F43 /* rose.png */,
			);
			name = Images;
			sourceTree = "<group>";
		};
		F40E92BB1AEEA92100439F43 /* Main Page */ = {
			isa = PBXGroup;
			children = (
				F40E92BC1AEEA93A00439F43 /* EntryView.h */,
				F40E92BD1AEEA93A00439F43 /* EntryView.m */,
				F40E92C21AEEAA1700439F43 /* EntryViewController.h */,
				F40E92C31AEEAA1700439F43 /* EntryViewController.m */,
			);
			name = "Main Page";
			sourceTree = "<group>";
		};
		F40E92D51AEEC15600439F43 /* Text Page */ = {
			isa = PBXGroup;
			children = (
				F40E92D61AEEC16900439F43 /* InputTextViewController.h */,
				F40E92D71AEEC16900439F43 /* InputTextViewController.m */,
			);
			name = "Text Page";
			sourceTree = "<group>";
		};
		F40E92DC1AEEC88D00439F43 /* Parse Sync */ = {
			isa = PBXGroup;
			children = (
				F4C6DFB51AEECC40001F34C3 /* ParseSync.h */,
				F4C6DFB61AEECC40001F34C3 /* ParseSync.m */,
			);
			name = "Parse Sync";
			sourceTree = "<group>";
		};
		F4C6DFBF1AEEF880001F34C3 /* View Messages */ = {
			isa = PBXGroup;
			children = (
				F4C6DFC01AEEF88E001F34C3 /* ViewMessagesViewController.h */,
				F4C6DFC11AEEF88E001F34C3 /* ViewMessagesViewController.m */,
				F4C6DFC31AF0206A001F34C3 /* VideoTableViewCell.h */,
				F4C6DFC41AF0206A001F34C3 /* VideoTableViewCell.m */,
			);
			name = "View Messages";
			sourceTree = "<group>";
		};
/* End PBXGroup section */

/* Begin PBXNativeTarget section */
		F40E92861AEEA48E00439F43 /* WeddingGram */ = {
			isa = PBXNativeTarget;
			buildConfigurationList = F40E92AA1AEEA48E00439F43 /* Build configuration list for PBXNativeTarget "WeddingGram" */;
			buildPhases = (
				71880C82B8BF3786B22854CE /* Check Pods Manifest.lock */,
				F40E92831AEEA48E00439F43 /* Sources */,
				F40E92841AEEA48E00439F43 /* Frameworks */,
				F40E92851AEEA48E00439F43 /* Resources */,
				178E47F6EB9D3F4F534CD228 /* Copy Pods Resources */,
			);
			buildRules = (
			);
			dependencies = (
			);
			name = WeddingGram;
			productName = WeddingGram;
			productReference = F40E92871AEEA48E00439F43 /* WeddingGram.app */;
			productType = "com.apple.product-type.application";
		};
		F40E929F1AEEA48E00439F43 /* WeddingGramTests */ = {
			isa = PBXNativeTarget;
			buildConfigurationList = F40E92AD1AEEA48E00439F43 /* Build configuration list for PBXNativeTarget "WeddingGramTests" */;
			buildPhases = (
				F40E929C1AEEA48E00439F43 /* Sources */,
				F40E929D1AEEA48E00439F43 /* Frameworks */,
				F40E929E1AEEA48E00439F43 /* Resources */,
			);
			buildRules = (
			);
			dependencies = (
				F40E92A21AEEA48E00439F43 /* PBXTargetDependency */,
			);
			name = WeddingGramTests;
			productName = WeddingGramTests;
			productReference = F40E92A01AEEA48E00439F43 /* WeddingGramTests.xctest */;
			productType = "com.apple.product-type.bundle.unit-test";
		};
/* End PBXNativeTarget section */

/* Begin PBXProject section */
		F40E927F1AEEA48E00439F43 /* Project object */ = {
			isa = PBXProject;
			attributes = {
				LastUpgradeCheck = 0630;
				ORGANIZATIONNAME = adeiji;
				TargetAttributes = {
					F40E92861AEEA48E00439F43 = {
						CreatedOnToolsVersion = 6.3;
					};
					F40E929F1AEEA48E00439F43 = {
						CreatedOnToolsVersion = 6.3;
						TestTargetID = F40E92861AEEA48E00439F43;
					};
				};
			};
			buildConfigurationList = F40E92821AEEA48E00439F43 /* Build configuration list for PBXProject "WeddingGram" */;
			compatibilityVersion = "Xcode 3.2";
			developmentRegion = English;
			hasScannedForEncodings = 0;
			knownRegions = (
				en,
				Base,
			);
			mainGroup = F40E927E1AEEA48E00439F43;
			productRefGroup = F40E92881AEEA48E00439F43 /* Products */;
			projectDirPath = "";
			projectRoot = "";
			targets = (
				F40E92861AEEA48E00439F43 /* WeddingGram */,
				F40E929F1AEEA48E00439F43 /* WeddingGramTests */,
			);
		};
/* End PBXProject section */

/* Begin PBXResourcesBuildPhase section */
		F40E92851AEEA48E00439F43 /* Resources */ = {
			isa = PBXResourcesBuildPhase;
			buildActionMask = 2147483647;
			files = (
				F46B48F51AFD746200F83EEF /* icon-Small-40@3x.png in Resources */,
				F46B48FA1AFD755900F83EEF /* NoMessageView.xib in Resources */,
				F46B48F31AFD746200F83EEF /* icon-60@3x.png in Resources */,
				F40E92BA1AEEA65B00439F43 /* rose.png in Resources */,
				F46B48F61AFD746200F83EEF /* icon-Small.png in Resources */,
				F40E92961AEEA48E00439F43 /* Main.storyboard in Resources */,
				F46B48F81AFD746200F83EEF /* icon-Small@3x.png in Resources */,
				F46B48F21AFD746200F83EEF /* icon-60@2x.png in Resources */,
				F44BD8221AFD6DA1007E55CB /* logo.png in Resources */,
				F40E929B1AEEA48E00439F43 /* LaunchScreen.xib in Resources */,
				F46B48F41AFD746200F83EEF /* icon-Small-40@2x.png in Resources */,
				F46B48F71AFD746200F83EEF /* icon-Small@2x.png in Resources */,
				F44BD8101AFD4D69007E55CB /* Images-2.xcassets in Resources */,
				F40E92981AEEA48E00439F43 /* Images.xcassets in Resources */,
			);
			runOnlyForDeploymentPostprocessing = 0;
		};
		F40E929E1AEEA48E00439F43 /* Resources */ = {
			isa = PBXResourcesBuildPhase;
			buildActionMask = 2147483647;
			files = (
			);
			runOnlyForDeploymentPostprocessing = 0;
		};
/* End PBXResourcesBuildPhase section */

/* Begin PBXShellScriptBuildPhase section */
		178E47F6EB9D3F4F534CD228 /* Copy Pods Resources */ = {
			isa = PBXShellScriptBuildPhase;
			buildActionMask = 2147483647;
			files = (
			);
			inputPaths = (
			);
			name = "Copy Pods Resources";
			outputPaths = (
			);
			runOnlyForDeploymentPostprocessing = 0;
			shellPath = /bin/sh;
			shellScript = "\"${SRCROOT}/Pods/Target Support Files/Pods-WeddingGram/Pods-WeddingGram-resources.sh\"\n";
			showEnvVarsInLog = 0;
		};
		71880C82B8BF3786B22854CE /* Check Pods Manifest.lock */ = {
			isa = PBXShellScriptBuildPhase;
			buildActionMask = 2147483647;
			files = (
			);
			inputPaths = (
			);
			name = "Check Pods Manifest.lock";
			outputPaths = (
			);
			runOnlyForDeploymentPostprocessing = 0;
			shellPath = /bin/sh;
			shellScript = "diff \"${PODS_ROOT}/../Podfile.lock\" \"${PODS_ROOT}/Manifest.lock\" > /dev/null\nif [[ $? != 0 ]] ; then\n    cat << EOM\nerror: The sandbox is not in sync with the Podfile.lock. Run 'pod install' or update your CocoaPods installation.\nEOM\n    exit 1\nfi\n";
			showEnvVarsInLog = 0;
		};
/* End PBXShellScriptBuildPhase section */

/* Begin PBXSourcesBuildPhase section */
		F40E92831AEEA48E00439F43 /* Sources */ = {
			isa = PBXSourcesBuildPhase;
			buildActionMask = 2147483647;
			files = (
				F40E92C41AEEAA1700439F43 /* EntryViewController.m in Sources */,
				F40E92D31AEEAF1E00439F43 /* ViewEye.m in Sources */,
				F40E92931AEEA48E00439F43 /* ViewController.m in Sources */,
				F40E92B71AEEA52C00439F43 /* ViewFlower.m in Sources */,
				F4C6DFC21AEEF88E001F34C3 /* ViewMessagesViewController.m in Sources */,
				F4C6DFB71AEECC40001F34C3 /* ParseSync.m in Sources */,
				F44BD8201AFD6B10007E55CB /* StyleKit.m in Sources */,
				F4C6DFBE1AEEEABF001F34C3 /* Constants.m in Sources */,
				F40E92C71AEEAB2C00439F43 /* ViewCamera.m in Sources */,
				F40E92901AEEA48E00439F43 /* AppDelegate.m in Sources */,
				F4C6DFC51AF0206A001F34C3 /* VideoTableViewCell.m in Sources */,
				F40E92BE1AEEA93A00439F43 /* EntryView.m in Sources */,
				F4C6DFD41AF064B5001F34C3 /* ViewLittleVideoIcon.m in Sources */,
				F4C6DFD71AF0BB7D001F34C3 /* UIView+DEScrollOnShowKeyboard.m in Sources */,
				F40E92D81AEEC16900439F43 /* InputTextViewController.m in Sources */,
				F40E92CA1AEEAB5700439F43 /* ViewVideo.m in Sources */,
				F40E92CD1AEEAB7E00439F43 /* ViewText.m in Sources */,
				F44BD8161AFD6898007E55CB /* ViewLogo.m in Sources */,
				F4C6DFCB1AF05E80001F34C3 /* ViewHome.m in Sources */,
				F40E928D1AEEA48E00439F43 /* main.m in Sources */,
			);
			runOnlyForDeploymentPostprocessing = 0;
		};
		F40E929C1AEEA48E00439F43 /* Sources */ = {
			isa = PBXSourcesBuildPhase;
			buildActionMask = 2147483647;
			files = (
				F40E92A71AEEA48E00439F43 /* WeddingGramTests.m in Sources */,
			);
			runOnlyForDeploymentPostprocessing = 0;
		};
/* End PBXSourcesBuildPhase section */

/* Begin PBXTargetDependency section */
		F40E92A21AEEA48E00439F43 /* PBXTargetDependency */ = {
			isa = PBXTargetDependency;
			target = F40E92861AEEA48E00439F43 /* WeddingGram */;
			targetProxy = F40E92A11AEEA48E00439F43 /* PBXContainerItemProxy */;
		};
/* End PBXTargetDependency section */

/* Begin PBXVariantGroup section */
		F40E92941AEEA48E00439F43 /* Main.storyboard */ = {
			isa = PBXVariantGroup;
			children = (
				F40E92951AEEA48E00439F43 /* Base */,
			);
			name = Main.storyboard;
			sourceTree = "<group>";
		};
		F40E92991AEEA48E00439F43 /* LaunchScreen.xib */ = {
			isa = PBXVariantGroup;
			children = (
				F40E929A1AEEA48E00439F43 /* Base */,
			);
			name = LaunchScreen.xib;
			sourceTree = "<group>";
		};
/* End PBXVariantGroup section */

/* Begin XCBuildConfiguration section */
		F40E92A81AEEA48E00439F43 /* Debug */ = {
			isa = XCBuildConfiguration;
			buildSettings = {
				ALWAYS_SEARCH_USER_PATHS = NO;
				CLANG_CXX_LANGUAGE_STANDARD = "gnu++0x";
				CLANG_CXX_LIBRARY = "libc++";
				CLANG_ENABLE_MODULES = YES;
				CLANG_ENABLE_OBJC_ARC = YES;
				CLANG_WARN_BOOL_CONVERSION = YES;
				CLANG_WARN_CONSTANT_CONVERSION = YES;
				CLANG_WARN_DIRECT_OBJC_ISA_USAGE = YES_ERROR;
				CLANG_WARN_EMPTY_BODY = YES;
				CLANG_WARN_ENUM_CONVERSION = YES;
				CLANG_WARN_INT_CONVERSION = YES;
				CLANG_WARN_OBJC_ROOT_CLASS = YES_ERROR;
				CLANG_WARN_UNREACHABLE_CODE = YES;
				CLANG_WARN__DUPLICATE_METHOD_MATCH = YES;
				"CODE_SIGN_IDENTITY[sdk=iphoneos*]" = "iPhone Developer";
				COPY_PHASE_STRIP = NO;
				DEBUG_INFORMATION_FORMAT = "dwarf-with-dsym";
				ENABLE_STRICT_OBJC_MSGSEND = YES;
				GCC_C_LANGUAGE_STANDARD = gnu99;
				GCC_DYNAMIC_NO_PIC = NO;
				GCC_NO_COMMON_BLOCKS = YES;
				GCC_OPTIMIZATION_LEVEL = 0;
				GCC_PREPROCESSOR_DEFINITIONS = (
					"DEBUG=1",
					"$(inherited)",
				);
				GCC_SYMBOLS_PRIVATE_EXTERN = NO;
				GCC_WARN_64_TO_32_BIT_CONVERSION = YES;
				GCC_WARN_ABOUT_RETURN_TYPE = YES_ERROR;
				GCC_WARN_UNDECLARED_SELECTOR = YES;
				GCC_WARN_UNINITIALIZED_AUTOS = YES_AGGRESSIVE;
				GCC_WARN_UNUSED_FUNCTION = YES;
				GCC_WARN_UNUSED_VARIABLE = YES;
				IPHONEOS_DEPLOYMENT_TARGET = 8.3;
				MTL_ENABLE_DEBUG_INFO = YES;
				ONLY_ACTIVE_ARCH = YES;
				SDKROOT = iphoneos;
			};
			name = Debug;
		};
		F40E92A91AEEA48E00439F43 /* Release */ = {
			isa = XCBuildConfiguration;
			buildSettings = {
				ALWAYS_SEARCH_USER_PATHS = NO;
				CLANG_CXX_LANGUAGE_STANDARD = "gnu++0x";
				CLANG_CXX_LIBRARY = "libc++";
				CLANG_ENABLE_MODULES = YES;
				CLANG_ENABLE_OBJC_ARC = YES;
				CLANG_WARN_BOOL_CONVERSION = YES;
				CLANG_WARN_CONSTANT_CONVERSION = YES;
				CLANG_WARN_DIRECT_OBJC_ISA_USAGE = YES_ERROR;
				CLANG_WARN_EMPTY_BODY = YES;
				CLANG_WARN_ENUM_CONVERSION = YES;
				CLANG_WARN_INT_CONVERSION = YES;
				CLANG_WARN_OBJC_ROOT_CLASS = YES_ERROR;
				CLANG_WARN_UNREACHABLE_CODE = YES;
				CLANG_WARN__DUPLICATE_METHOD_MATCH = YES;
				"CODE_SIGN_IDENTITY[sdk=iphoneos*]" = "iPhone Developer";
				COPY_PHASE_STRIP = NO;
				DEBUG_INFORMATION_FORMAT = "dwarf-with-dsym";
				ENABLE_NS_ASSERTIONS = NO;
				ENABLE_STRICT_OBJC_MSGSEND = YES;
				GCC_C_LANGUAGE_STANDARD = gnu99;
				GCC_NO_COMMON_BLOCKS = YES;
				GCC_WARN_64_TO_32_BIT_CONVERSION = YES;
				GCC_WARN_ABOUT_RETURN_TYPE = YES_ERROR;
				GCC_WARN_UNDECLARED_SELECTOR = YES;
				GCC_WARN_UNINITIALIZED_AUTOS = YES_AGGRESSIVE;
				GCC_WARN_UNUSED_FUNCTION = YES;
				GCC_WARN_UNUSED_VARIABLE = YES;
				IPHONEOS_DEPLOYMENT_TARGET = 8.3;
				MTL_ENABLE_DEBUG_INFO = NO;
				SDKROOT = iphoneos;
				VALIDATE_PRODUCT = YES;
			};
			name = Release;
		};
		F40E92AB1AEEA48E00439F43 /* Debug */ = {
			isa = XCBuildConfiguration;
			baseConfigurationReference = A2192F9DF38AB9D7C60F25F0 /* Pods-WeddingGram.debug.xcconfig */;
			buildSettings = {
				ASSETCATALOG_COMPILER_APPICON_NAME = AppIcon;
				ASSETCATALOG_COMPILER_LAUNCHIMAGE_NAME = LaunchImage;
				CODE_SIGN_IDENTITY = "iPhone Developer";
				INFOPLIST_FILE = WeddingGram/Info.plist;
				IPHONEOS_DEPLOYMENT_TARGET = 8.0;
				LD_RUNPATH_SEARCH_PATHS = "$(inherited) @executable_path/Frameworks";
				PRODUCT_NAME = "$(TARGET_NAME)";
				TARGETED_DEVICE_FAMILY = "1,2";
			};
			name = Debug;
		};
		F40E92AC1AEEA48E00439F43 /* Release */ = {
			isa = XCBuildConfiguration;
			baseConfigurationReference = 05C82BB1F74F0BFAA242E0BB /* Pods-WeddingGram.release.xcconfig */;
			buildSettings = {
				ASSETCATALOG_COMPILER_APPICON_NAME = AppIcon;
				ASSETCATALOG_COMPILER_LAUNCHIMAGE_NAME = LaunchImage;
				CODE_SIGN_IDENTITY = "iPhone Distribution";
				INFOPLIST_FILE = WeddingGram/Info.plist;
				IPHONEOS_DEPLOYMENT_TARGET = 8.0;
				LD_RUNPATH_SEARCH_PATHS = "$(inherited) @executable_path/Frameworks";
				PRODUCT_NAME = "$(TARGET_NAME)";
				TARGETED_DEVICE_FAMILY = "1,2";
			};
			name = Release;
		};
		F40E92AE1AEEA48E00439F43 /* Debug */ = {
			isa = XCBuildConfiguration;
			buildSettings = {
				BUNDLE_LOADER = "$(TEST_HOST)";
				FRAMEWORK_SEARCH_PATHS = (
					"$(SDKROOT)/Developer/Library/Frameworks",
					"$(inherited)",
				);
				GCC_PREPROCESSOR_DEFINITIONS = (
					"DEBUG=1",
					"$(inherited)",
				);
				INFOPLIST_FILE = WeddingGramTests/Info.plist;
				LD_RUNPATH_SEARCH_PATHS = "$(inherited) @executable_path/Frameworks @loader_path/Frameworks";
				PRODUCT_NAME = "$(TARGET_NAME)";
				TEST_HOST = "$(BUILT_PRODUCTS_DIR)/WeddingGram.app/WeddingGram";
			};
			name = Debug;
		};
		F40E92AF1AEEA48E00439F43 /* Release */ = {
			isa = XCBuildConfiguration;
			buildSettings = {
				BUNDLE_LOADER = "$(TEST_HOST)";
				FRAMEWORK_SEARCH_PATHS = (
					"$(SDKROOT)/Developer/Library/Frameworks",
					"$(inherited)",
				);
				INFOPLIST_FILE = WeddingGramTests/Info.plist;
				LD_RUNPATH_SEARCH_PATHS = "$(inherited) @executable_path/Frameworks @loader_path/Frameworks";
				PRODUCT_NAME = "$(TARGET_NAME)";
				TEST_HOST = "$(BUILT_PRODUCTS_DIR)/WeddingGram.app/WeddingGram";
			};
			name = Release;
		};
/* End XCBuildConfiguration section */

/* Begin XCConfigurationList section */
		F40E92821AEEA48E00439F43 /* Build configuration list for PBXProject "WeddingGram" */ = {
			isa = XCConfigurationList;
			buildConfigurations = (
				F40E92A81AEEA48E00439F43 /* Debug */,
				F40E92A91AEEA48E00439F43 /* Release */,
			);
			defaultConfigurationIsVisible = 0;
			defaultConfigurationName = Release;
		};
		F40E92AA1AEEA48E00439F43 /* Build configuration list for PBXNativeTarget "WeddingGram" */ = {
			isa = XCConfigurationList;
			buildConfigurations = (
				F40E92AB1AEEA48E00439F43 /* Debug */,
				F40E92AC1AEEA48E00439F43 /* Release */,
			);
			defaultConfigurationIsVisible = 0;
			defaultConfigurationName = Release;
		};
		F40E92AD1AEEA48E00439F43 /* Build configuration list for PBXNativeTarget "WeddingGramTests" */ = {
			isa = XCConfigurationList;
			buildConfigurations = (
				F40E92AE1AEEA48E00439F43 /* Debug */,
				F40E92AF1AEEA48E00439F43 /* Release */,
			);
			defaultConfigurationIsVisible = 0;
			defaultConfigurationName = Release;
		};
/* End XCConfigurationList section */
	};
	rootObject = F40E927F1AEEA48E00439F43 /* Project object */;
}
